
Microsoft Visual Studio Solution File, Format Version 12.00
# Visual Studio Version 17
VisualStudioVersion = 17.3.32901.215
MinimumVisualStudioVersion = 10.0.40219.1
Project("{9A19103F-16F7-4668-BE54-9A1E7A4F7556}") = "Lab 2", "Lab 2\Lab 2.csproj", "{A0A6ECAA-2E23-4B2F-8E32-4DBE1141D22F}"
EndProject
Project("{9A19103F-16F7-4668-BE54-9A1E7A4F7556}") = "ShapesLibary", "ShapesLibary\ShapesLibary.csproj", "{234F9BB9-A486-4EE0-A4E9-B77FF3FD9E04}"
EndProject
Global
	GlobalSection(SolutionConfigurationPlatforms) = preSolution
		Debug|Any CPU = Debug|Any CPU
		Release|Any CPU = Release|Any CPU
	EndGlobalSection
	GlobalSection(ProjectConfigurationPlatforms) = postSolution
		{A0A6ECAA-2E23-4B2F-8E32-4DBE1141D22F}.Debug|Any CPU.ActiveCfg = Debug|Any CPU
		{A0A6ECAA-2E23-4B2F-8E32-4DBE1141D22F}.Debug|Any CPU.Build.0 = Debug|Any CPU
		{A0A6ECAA-2E23-4B2F-8E32-4DBE1141D22F}.Release|Any CPU.ActiveCfg = Release|Any CPU
		{A0A6ECAA-2E23-4B2F-8E32-4DBE1141D22F}.Release|Any CPU.Build.0 = Release|Any CPU
		{234F9BB9-A486-4EE0-A4E9-B77FF3FD9E04}.Debug|Any CPU.ActiveCfg = Debug|Any CPU
		{234F9BB9-A486-4EE0-A4E9-B77FF3FD9E04}.Debug|Any CPU.Build.0 = Debug|Any CPU
		{234F9BB9-A486-4EE0-A4E9-B77FF3FD9E04}.Release|Any CPU.ActiveCfg = Release|Any CPU
		{234F9BB9-A486-4EE0-A4E9-B77FF3FD9E04}.Release|Any CPU.Build.0 = Release|Any CPU
	EndGlobalSection
	GlobalSection(SolutionProperties) = preSolution
		HideSolutionNode = FALSE
	EndGlobalSection
	GlobalSection(ExtensibilityGlobals) = postSolution
		SolutionGuid = {EFE93710-73FA-4E63-939D-35DCED6A0C1C}
	EndGlobalSection
EndGlobal
