
Microsoft Visual Studio Solution File, Format Version 12.00
# Visual Studio Version 17
VisualStudioVersion = 17.3.32901.215
MinimumVisualStudioVersion = 10.0.40219.1
Project("{FAE04EC0-301F-11D3-BF4B-00C04F79EFBC}") = "Lab 2", "Lab 2.csproj", "{2CF5BE00-ED5E-4244-BE64-ADE10D727F15}"
EndProject
Project("{FAE04EC0-301F-11D3-BF4B-00C04F79EFBC}") = "ShapesLibary", "..\ShapesLibary\ShapesLibary.csproj", "{9F76F50F-17D3-4A1D-9643-DC4D5E205E0F}"
EndProject
Global
	GlobalSection(SolutionConfigurationPlatforms) = preSolution
		Debug|Any CPU = Debug|Any CPU
		Release|Any CPU = Release|Any CPU
	EndGlobalSection
	GlobalSection(ProjectConfigurationPlatforms) = postSolution
		{2CF5BE00-ED5E-4244-BE64-ADE10D727F15}.Debug|Any CPU.ActiveCfg = Debug|Any CPU
		{2CF5BE00-ED5E-4244-BE64-ADE10D727F15}.Debug|Any CPU.Build.0 = Debug|Any CPU
		{2CF5BE00-ED5E-4244-BE64-ADE10D727F15}.Release|Any CPU.ActiveCfg = Release|Any CPU
		{2CF5BE00-ED5E-4244-BE64-ADE10D727F15}.Release|Any CPU.Build.0 = Release|Any CPU
		{9F76F50F-17D3-4A1D-9643-DC4D5E205E0F}.Debug|Any CPU.ActiveCfg = Debug|Any CPU
		{9F76F50F-17D3-4A1D-9643-DC4D5E205E0F}.Debug|Any CPU.Build.0 = Debug|Any CPU
		{9F76F50F-17D3-4A1D-9643-DC4D5E205E0F}.Release|Any CPU.ActiveCfg = Release|Any CPU
		{9F76F50F-17D3-4A1D-9643-DC4D5E205E0F}.Release|Any CPU.Build.0 = Release|Any CPU
	EndGlobalSection
	GlobalSection(SolutionProperties) = preSolution
		HideSolutionNode = FALSE
	EndGlobalSection
	GlobalSection(ExtensibilityGlobals) = postSolution
		SolutionGuid = {EFE93710-73FA-4E63-939D-35DCED6A0C1C}
	EndGlobalSection
EndGlobal
